
Microsoft Visual Studio Solution File, Format Version 12.00
# Visual Studio Version 16
VisualStudioVersion = 16.0.29326.143
MinimumVisualStudioVersion = 10.0.40219.1
Project("{FAE04EC0-301F-11D3-BF4B-00C04F79EFBC}") = "Days_left_for_christmas", "Days_left_for_christmas\Days_left_for_christmas.csproj", "{F13CBD44-05B3-4821-8ADB-1C2FAF309AC5}"
EndProject
Global
	GlobalSection(SolutionConfigurationPlatforms) = preSolution
		Debug|Any CPU = Debug|Any CPU
		Release|Any CPU = Release|Any CPU
	EndGlobalSection
	GlobalSection(ProjectConfigurationPlatforms) = postSolution
		{F13CBD44-05B3-4821-8ADB-1C2FAF309AC5}.Debug|Any CPU.ActiveCfg = Debug|Any CPU
		{F13CBD44-05B3-4821-8ADB-1C2FAF309AC5}.Debug|Any CPU.Build.0 = Debug|Any CPU
		{F13CBD44-05B3-4821-8ADB-1C2FAF309AC5}.Release|Any CPU.ActiveCfg = Release|Any CPU
		{F13CBD44-05B3-4821-8ADB-1C2FAF309AC5}.Release|Any CPU.Build.0 = Release|Any CPU
	EndGlobalSection
	GlobalSection(SolutionProperties) = preSolution
		HideSolutionNode = FALSE
	EndGlobalSection
	GlobalSection(ExtensibilityGlobals) = postSolution
		SolutionGuid = {F04729B9-12B1-46A0-A840-E5860E436C12}
	EndGlobalSection
EndGlobal
